
Microsoft Visual Studio Solution File, Format Version 12.00
# Visual Studio 2017
Project("{FAE04EC0-301F-11D3-BF4B-00C04F79EFBC}") = "TalesOfLegaria.Plugins", "TalesOfLegaria.Plugins.csproj", "{4A71B364-1000-F865-A93E-AA8253B96A55}"
EndProject
Project("{FAE04EC0-301F-11D3-BF4B-00C04F79EFBC}") = "TalesOfLegaria", "TalesOfLegaria.csproj", "{02595BAD-8F06-CD71-6781-4F95A0EEE0AF}"
EndProject
Project("{FAE04EC0-301F-11D3-BF4B-00C04F79EFBC}") = "TalesOfLegaria.Editor.Plugins", "TalesOfLegaria.Editor.Plugins.csproj", "{7C98185B-A3EB-C592-E16F-7B512215CEBE}"
EndProject
Project("{FAE04EC0-301F-11D3-BF4B-00C04F79EFBC}") = "TalesOfLegaria.Editor", "TalesOfLegaria.Editor.csproj", "{A027AE33-AFD8-9C57-06B3-0DF946CA3992}"
EndProject
Global
	GlobalSection(SolutionConfigurationPlatforms) = preSolution
		Debug|Any CPU = Debug|Any CPU
		Release|Any CPU = Release|Any CPU
	EndGlobalSection
	GlobalSection(ProjectConfigurationPlatforms) = postSolution
		{4A71B364-1000-F865-A93E-AA8253B96A55}.Debug|Any CPU.ActiveCfg = Debug|Any CPU
		{4A71B364-1000-F865-A93E-AA8253B96A55}.Debug|Any CPU.Build.0 = Debug|Any CPU
		{4A71B364-1000-F865-A93E-AA8253B96A55}.Release|Any CPU.ActiveCfg = Release|Any CPU
		{4A71B364-1000-F865-A93E-AA8253B96A55}.Release|Any CPU.Build.0 = Release|Any CPU
		{02595BAD-8F06-CD71-6781-4F95A0EEE0AF}.Debug|Any CPU.ActiveCfg = Debug|Any CPU
		{02595BAD-8F06-CD71-6781-4F95A0EEE0AF}.Debug|Any CPU.Build.0 = Debug|Any CPU
		{02595BAD-8F06-CD71-6781-4F95A0EEE0AF}.Release|Any CPU.ActiveCfg = Release|Any CPU
		{02595BAD-8F06-CD71-6781-4F95A0EEE0AF}.Release|Any CPU.Build.0 = Release|Any CPU
		{7C98185B-A3EB-C592-E16F-7B512215CEBE}.Debug|Any CPU.ActiveCfg = Debug|Any CPU
		{7C98185B-A3EB-C592-E16F-7B512215CEBE}.Debug|Any CPU.Build.0 = Debug|Any CPU
		{7C98185B-A3EB-C592-E16F-7B512215CEBE}.Release|Any CPU.ActiveCfg = Release|Any CPU
		{7C98185B-A3EB-C592-E16F-7B512215CEBE}.Release|Any CPU.Build.0 = Release|Any CPU
		{A027AE33-AFD8-9C57-06B3-0DF946CA3992}.Debug|Any CPU.ActiveCfg = Debug|Any CPU
		{A027AE33-AFD8-9C57-06B3-0DF946CA3992}.Debug|Any CPU.Build.0 = Debug|Any CPU
		{A027AE33-AFD8-9C57-06B3-0DF946CA3992}.Release|Any CPU.ActiveCfg = Release|Any CPU
		{A027AE33-AFD8-9C57-06B3-0DF946CA3992}.Release|Any CPU.Build.0 = Release|Any CPU
	EndGlobalSection
	GlobalSection(SolutionProperties) = preSolution
		HideSolutionNode = FALSE
	EndGlobalSection
EndGlobal
